
Microsoft Visual Studio Solution File, Format Version 12.00
# Visual Studio 2013
VisualStudioVersion = 12.0.20827.3
MinimumVisualStudioVersion = 10.0.40219.1
Project("{8BC9CEB8-8B4A-11D0-8D11-00A0C91BC942}") = "ECMGPU", "Project2\Project2.vcxproj", "{E85E17AB-2ECA-4715-9586-09AF67AF0E78}"
EndProject
Global
	GlobalSection(SubversionScc) = preSolution
		Svn-Managed = True
		Manager = AnkhSVN - Subversion Support for Visual Studio
	EndGlobalSection
	GlobalSection(SolutionConfigurationPlatforms) = preSolution
		64|Win32 = 64|Win32
		64|x64 = 64|x64
		Debug|Win32 = Debug|Win32
		Debug|x64 = Debug|x64
		Release|Win32 = Release|Win32
		Release|x64 = Release|x64
	EndGlobalSection
	GlobalSection(ProjectConfigurationPlatforms) = postSolution
		{E85E17AB-2ECA-4715-9586-09AF67AF0E78}.64|Win32.ActiveCfg = 64|Win32
		{E85E17AB-2ECA-4715-9586-09AF67AF0E78}.64|Win32.Build.0 = 64|Win32
		{E85E17AB-2ECA-4715-9586-09AF67AF0E78}.64|x64.ActiveCfg = 64|x64
		{E85E17AB-2ECA-4715-9586-09AF67AF0E78}.64|x64.Build.0 = 64|x64
		{E85E17AB-2ECA-4715-9586-09AF67AF0E78}.Debug|Win32.ActiveCfg = Debug|Win32
		{E85E17AB-2ECA-4715-9586-09AF67AF0E78}.Debug|Win32.Build.0 = Debug|Win32
		{E85E17AB-2ECA-4715-9586-09AF67AF0E78}.Debug|x64.ActiveCfg = Debug|x64
		{E85E17AB-2ECA-4715-9586-09AF67AF0E78}.Debug|x64.Build.0 = Debug|x64
		{E85E17AB-2ECA-4715-9586-09AF67AF0E78}.Release|Win32.ActiveCfg = Release|Win32
		{E85E17AB-2ECA-4715-9586-09AF67AF0E78}.Release|Win32.Build.0 = Release|Win32
		{E85E17AB-2ECA-4715-9586-09AF67AF0E78}.Release|x64.ActiveCfg = Release|x64
		{E85E17AB-2ECA-4715-9586-09AF67AF0E78}.Release|x64.Build.0 = Release|x64
	EndGlobalSection
	GlobalSection(SolutionProperties) = preSolution
		HideSolutionNode = FALSE
	EndGlobalSection
EndGlobal
